<?xml version="1.0" encoding="utf-8"?>
<Project ToolsVersion="4.0" xmlns="http://schemas.microsoft.com/developer/msbuild/2003">
  <ItemGroup>
    <Filter Include="源文件">
      <UniqueIdentifier>{4FC737F1-C7A5-4376-A066-2A32D752A2FF}</UniqueIdentifier>
      <Extensions>cpp;c;cc;cxx;def;odl;idl;hpj;bat;asm;asmx</Extensions>
    </Filter>
    <Filter Include="头文件">
      <UniqueIdentifier>{93995380-89BD-4b04-88EB-625FBE52EBFB}</UniqueIdentifier>
      <Extensions>h;hh;hpp;hxx;hm;inl;inc;xsd</Extensions>
    </Filter>
    <Filter Include="资源文件">
      <UniqueIdentifier>{67DA6AB6-F800-4c08-8B7A-83BB121AAD01}</UniqueIdentifier>
      <Extensions>rc;ico;cur;bmp;dlg;rc2;rct;bin;rgs;gif;jpg;jpeg;jpe;resx;tiff;tif;png;wav;mfcribbon-ms</Extensions>
    </Filter>
    <Filter Include="include">
      <UniqueIdentifier>{8d9c1ada-a521-48e1-9c60-5f512d070bb2}</UniqueIdentifier>
    </Filter>
    <Filter Include="lib">
      <UniqueIdentifier>{633989d5-3ea2-4fc3-b1de-13e90bb667de}</UniqueIdentifier>
    </Filter>
  </ItemGroup>
  <ItemGroup>
    <ClInclude Include="pch.h">
      <Filter>头文件</Filter>
    </ClInclude>
    <ClInclude Include="include\begin_code.h">
      <Filter>include</Filter>
    </ClInclude>
    <ClInclude Include="include\close_code.h">
      <Filter>include</Filter>
    </ClInclude>
    <ClInclude Include="include\SDL.h">
      <Filter>include</Filter>
    </ClInclude>
    <ClInclude Include="include\SDL_assert.h">
      <Filter>include</Filter>
    </ClInclude>
    <ClInclude Include="include\SDL_atomic.h">
      <Filter>include</Filter>
    </ClInclude>
    <ClInclude Include="include\SDL_audio.h">
      <Filter>include</Filter>
    </ClInclude>
    <ClInclude Include="include\SDL_bits.h">
      <Filter>include</Filter>
    </ClInclude>
    <ClInclude Include="include\SDL_blendmode.h">
      <Filter>include</Filter>
    </ClInclude>
    <ClInclude Include="include\SDL_clipboard.h">
      <Filter>include</Filter>
    </ClInclude>
    <ClInclude Include="include\SDL_config.h">
      <Filter>include</Filter>
    </ClInclude>
    <ClInclude Include="include\SDL_config_android.h">
      <Filter>include</Filter>
    </ClInclude>
    <ClInclude Include="include\SDL_config_iphoneos.h">
      <Filter>include</Filter>
    </ClInclude>
    <ClInclude Include="include\SDL_config_macosx.h">
      <Filter>include</Filter>
    </ClInclude>
    <ClInclude Include="include\SDL_config_minimal.h">
      <Filter>include</Filter>
    </ClInclude>
    <ClInclude Include="include\SDL_config_pandora.h">
      <Filter>include</Filter>
    </ClInclude>
    <ClInclude Include="include\SDL_config_psp.h">
      <Filter>include</Filter>
    </ClInclude>
    <ClInclude Include="include\SDL_config_windows.h">
      <Filter>include</Filter>
    </ClInclude>
    <ClInclude Include="include\SDL_config_winrt.h">
      <Filter>include</Filter>
    </ClInclude>
    <ClInclude Include="include\SDL_config_wiz.h">
      <Filter>include</Filter>
    </ClInclude>
    <ClInclude Include="include\SDL_copying.h">
      <Filter>include</Filter>
    </ClInclude>
    <ClInclude Include="include\SDL_cpuinfo.h">
      <Filter>include</Filter>
    </ClInclude>
    <ClInclude Include="include\SDL_egl.h">
      <Filter>include</Filter>
    </ClInclude>
    <ClInclude Include="include\SDL_endian.h">
      <Filter>include</Filter>
    </ClInclude>
    <ClInclude Include="include\SDL_error.h">
      <Filter>include</Filter>
    </ClInclude>
    <ClInclude Include="include\SDL_events.h">
      <Filter>include</Filter>
    </ClInclude>
    <ClInclude Include="include\SDL_filesystem.h">
      <Filter>include</Filter>
    </ClInclude>
    <ClInclude Include="include\SDL_gamecontroller.h">
      <Filter>include</Filter>
    </ClInclude>
    <ClInclude Include="include\SDL_gesture.h">
      <Filter>include</Filter>
    </ClInclude>
    <ClInclude Include="include\SDL_haptic.h">
      <Filter>include</Filter>
    </ClInclude>
    <ClInclude Include="include\SDL_hints.h">
      <Filter>include</Filter>
    </ClInclude>
    <ClInclude Include="include\SDL_joystick.h">
      <Filter>include</Filter>
    </ClInclude>
    <ClInclude Include="include\SDL_keyboard.h">
      <Filter>include</Filter>
    </ClInclude>
    <ClInclude Include="include\SDL_keycode.h">
      <Filter>include</Filter>
    </ClInclude>
    <ClInclude Include="include\SDL_loadso.h">
      <Filter>include</Filter>
    </ClInclude>
    <ClInclude Include="include\SDL_locale.h">
      <Filter>include</Filter>
    </ClInclude>
    <ClInclude Include="include\SDL_log.h">
      <Filter>include</Filter>
    </ClInclude>
    <ClInclude Include="include\SDL_main.h">
      <Filter>include</Filter>
    </ClInclude>
    <ClInclude Include="include\SDL_messagebox.h">
      <Filter>include</Filter>
    </ClInclude>
    <ClInclude Include="include\SDL_metal.h">
      <Filter>include</Filter>
    </ClInclude>
    <ClInclude Include="include\SDL_misc.h">
      <Filter>include</Filter>
    </ClInclude>
    <ClInclude Include="include\SDL_mouse.h">
      <Filter>include</Filter>
    </ClInclude>
    <ClInclude Include="include\SDL_mutex.h">
      <Filter>include</Filter>
    </ClInclude>
    <ClInclude Include="include\SDL_name.h">
      <Filter>include</Filter>
    </ClInclude>
    <ClInclude Include="include\SDL_opengl.h">
      <Filter>include</Filter>
    </ClInclude>
    <ClInclude Include="include\SDL_opengl_glext.h">
      <Filter>include</Filter>
    </ClInclude>
    <ClInclude Include="include\SDL_opengles.h">
      <Filter>include</Filter>
    </ClInclude>
    <ClInclude Include="include\SDL_opengles2.h">
      <Filter>include</Filter>
    </ClInclude>
    <ClInclude Include="include\SDL_opengles2_gl2.h">
      <Filter>include</Filter>
    </ClInclude>
    <ClInclude Include="include\SDL_opengles2_gl2ext.h">
      <Filter>include</Filter>
    </ClInclude>
    <ClInclude Include="include\SDL_opengles2_gl2platform.h">
      <Filter>include</Filter>
    </ClInclude>
    <ClInclude Include="include\SDL_opengles2_khrplatform.h">
      <Filter>include</Filter>
    </ClInclude>
    <ClInclude Include="include\SDL_pixels.h">
      <Filter>include</Filter>
    </ClInclude>
    <ClInclude Include="include\SDL_platform.h">
      <Filter>include</Filter>
    </ClInclude>
    <ClInclude Include="include\SDL_power.h">
      <Filter>include</Filter>
    </ClInclude>
    <ClInclude Include="include\SDL_quit.h">
      <Filter>include</Filter>
    </ClInclude>
    <ClInclude Include="include\SDL_rect.h">
      <Filter>include</Filter>
    </ClInclude>
    <ClInclude Include="include\SDL_render.h">
      <Filter>include</Filter>
    </ClInclude>
    <ClInclude Include="include\SDL_revision.h">
      <Filter>include</Filter>
    </ClInclude>
    <ClInclude Include="include\SDL_rwops.h">
      <Filter>include</Filter>
    </ClInclude>
    <ClInclude Include="include\SDL_scancode.h">
      <Filter>include</Filter>
    </ClInclude>
    <ClInclude Include="include\SDL_sensor.h">
      <Filter>include</Filter>
    </ClInclude>
    <ClInclude Include="include\SDL_shape.h">
      <Filter>include</Filter>
    </ClInclude>
    <ClInclude Include="include\SDL_stdinc.h">
      <Filter>include</Filter>
    </ClInclude>
    <ClInclude Include="include\SDL_surface.h">
      <Filter>include</Filter>
    </ClInclude>
    <ClInclude Include="include\SDL_system.h">
      <Filter>include</Filter>
    </ClInclude>
    <ClInclude Include="include\SDL_syswm.h">
      <Filter>include</Filter>
    </ClInclude>
    <ClInclude Include="include\SDL_test.h">
      <Filter>include</Filter>
    </ClInclude>
    <ClInclude Include="include\SDL_test_assert.h">
      <Filter>include</Filter>
    </ClInclude>
    <ClInclude Include="include\SDL_test_common.h">
      <Filter>include</Filter>
    </ClInclude>
    <ClInclude Include="include\SDL_test_compare.h">
      <Filter>include</Filter>
    </ClInclude>
    <ClInclude Include="include\SDL_test_crc32.h">
      <Filter>include</Filter>
    </ClInclude>
    <ClInclude Include="include\SDL_test_font.h">
      <Filter>include</Filter>
    </ClInclude>
    <ClInclude Include="include\SDL_test_fuzzer.h">
      <Filter>include</Filter>
    </ClInclude>
    <ClInclude Include="include\SDL_test_harness.h">
      <Filter>include</Filter>
    </ClInclude>
    <ClInclude Include="include\SDL_test_images.h">
      <Filter>include</Filter>
    </ClInclude>
    <ClInclude Include="include\SDL_test_log.h">
      <Filter>include</Filter>
    </ClInclude>
    <ClInclude Include="include\SDL_test_md5.h">
      <Filter>include</Filter>
    </ClInclude>
    <ClInclude Include="include\SDL_test_memory.h">
      <Filter>include</Filter>
    </ClInclude>
    <ClInclude Include="include\SDL_test_random.h">
      <Filter>include</Filter>
    </ClInclude>
    <ClInclude Include="include\SDL_thread.h">
      <Filter>include</Filter>
    </ClInclude>
    <ClInclude Include="include\SDL_timer.h">
      <Filter>include</Filter>
    </ClInclude>
    <ClInclude Include="include\SDL_touch.h">
      <Filter>include</Filter>
    </ClInclude>
    <ClInclude Include="include\SDL_types.h">
      <Filter>include</Filter>
    </ClInclude>
    <ClInclude Include="include\SDL_version.h">
      <Filter>include</Filter>
    </ClInclude>
    <ClInclude Include="include\SDL_video.h">
      <Filter>include</Filter>
    </ClInclude>
    <ClInclude Include="include\SDL_vulkan.h">
      <Filter>include</Filter>
    </ClInclude>
  </ItemGroup>
  <ItemGroup>
    <ClCompile Include="pch.cpp">
      <Filter>源文件</Filter>
    </ClCompile>
    <ClCompile Include="SDL.cpp">
      <Filter>源文件</Filter>
    </ClCompile>
  </ItemGroup>
  <ItemGroup>
    <None Include="SDL2.dll">
      <Filter>源文件</Filter>
    </None>
    <None Include="include\SDL_config.h.cmake">
      <Filter>include</Filter>
    </None>
    <None Include="include\SDL_config.h.in">
      <Filter>include</Filter>
    </None>
    <None Include="include\SDL_config_macosx.h.orig">
      <Filter>include</Filter>
    </None>
    <None Include="lib\x86\SDL2.dll">
      <Filter>lib</Filter>
    </None>
  </ItemGroup>
  <ItemGroup>
    <Library Include="lib\x86\SDL2.lib">
      <Filter>lib</Filter>
    </Library>
    <Library Include="lib\x86\SDL2main.lib">
      <Filter>lib</Filter>
    </Library>
    <Library Include="lib\x86\SDL2test.lib">
      <Filter>lib</Filter>
    </Library>
  </ItemGroup>
</Project>